
Microsoft Visual Studio Solution File, Format Version 12.00
# Visual Studio Version 16
VisualStudioVersion = 16.0.29123.88
MinimumVisualStudioVersion = 10.0.40219.1
Project("{FAE04EC0-301F-11D3-BF4B-00C04F79EFBC}") = "Rogue.NET", "Rogue.NET\Rogue.NET.csproj", "{CDBDBEA3-5D5B-449C-8127-6C0B77BFB416}"
EndProject
Project("{FAE04EC0-301F-11D3-BF4B-00C04F79EFBC}") = "Rogue.NET.Common", "Rogue.NET.Common\Rogue.NET.Common.csproj", "{6353F2F1-D936-4F9C-9898-074DC4480D71}"
EndProject
Project("{FAE04EC0-301F-11D3-BF4B-00C04F79EFBC}") = "Rogue.NET.ScenarioEditor", "Rogue.NET.ScenarioEditor\Rogue.NET.ScenarioEditor.csproj", "{6696051A-37BB-4F3E-9E0B-62B83F298EE7}"
EndProject
Project("{FAE04EC0-301F-11D3-BF4B-00C04F79EFBC}") = "Rogue.NET.Scenario", "Rogue.NET.Scenario\Rogue.NET.Scenario.csproj", "{A9E4FAA2-6A2C-4CAA-9E86-17B6DD6C3C86}"
EndProject
Project("{FAE04EC0-301F-11D3-BF4B-00C04F79EFBC}") = "Rogue.NET.Core", "Rogue.NET.Core\Rogue.NET.Core.csproj", "{3E574589-233F-4B39-B93C-445E6F44A736}"
EndProject
Project("{FAE04EC0-301F-11D3-BF4B-00C04F79EFBC}") = "Rogue.NET.UnitTest", "Rogue.NET.UnitTest\Rogue.NET.UnitTest.csproj", "{59B9DB4D-2667-414C-AF34-81E1ECF8748B}"
EndProject
Global
	GlobalSection(SolutionConfigurationPlatforms) = preSolution
		Debug Minimum Content|Any CPU = Debug Minimum Content|Any CPU
		Debug Minimum Content|Mixed Platforms = Debug Minimum Content|Mixed Platforms
		Debug Minimum Content|x86 = Debug Minimum Content|x86
		Debug Scenario Configuration Source Instantiate|Any CPU = Debug Scenario Configuration Source Instantiate|Any CPU
		Debug Scenario Configuration Source Instantiate|Mixed Platforms = Debug Scenario Configuration Source Instantiate|Mixed Platforms
		Debug Scenario Configuration Source Instantiate|x86 = Debug Scenario Configuration Source Instantiate|x86
		Debug|Any CPU = Debug|Any CPU
		Debug|Mixed Platforms = Debug|Mixed Platforms
		Debug|x86 = Debug|x86
		Release|Any CPU = Release|Any CPU
		Release|Mixed Platforms = Release|Mixed Platforms
		Release|x86 = Release|x86
	EndGlobalSection
	GlobalSection(ProjectConfigurationPlatforms) = postSolution
		{CDBDBEA3-5D5B-449C-8127-6C0B77BFB416}.Debug Minimum Content|Any CPU.ActiveCfg = Debug Minimum Content|Any CPU
		{CDBDBEA3-5D5B-449C-8127-6C0B77BFB416}.Debug Minimum Content|Any CPU.Build.0 = Debug Minimum Content|Any CPU
		{CDBDBEA3-5D5B-449C-8127-6C0B77BFB416}.Debug Minimum Content|Mixed Platforms.ActiveCfg = Debug Minimum Content|Any CPU
		{CDBDBEA3-5D5B-449C-8127-6C0B77BFB416}.Debug Minimum Content|Mixed Platforms.Build.0 = Debug Minimum Content|Any CPU
		{CDBDBEA3-5D5B-449C-8127-6C0B77BFB416}.Debug Minimum Content|x86.ActiveCfg = Debug Minimum Content|Any CPU
		{CDBDBEA3-5D5B-449C-8127-6C0B77BFB416}.Debug Minimum Content|x86.Build.0 = Debug Minimum Content|Any CPU
		{CDBDBEA3-5D5B-449C-8127-6C0B77BFB416}.Debug Scenario Configuration Source Instantiate|Any CPU.ActiveCfg = Debug Scenario Configuration Source Instantiate|Any CPU
		{CDBDBEA3-5D5B-449C-8127-6C0B77BFB416}.Debug Scenario Configuration Source Instantiate|Any CPU.Build.0 = Debug Scenario Configuration Source Instantiate|Any CPU
		{CDBDBEA3-5D5B-449C-8127-6C0B77BFB416}.Debug Scenario Configuration Source Instantiate|Mixed Platforms.ActiveCfg = Debug Scenario Configuration Source Instantiate|Any CPU
		{CDBDBEA3-5D5B-449C-8127-6C0B77BFB416}.Debug Scenario Configuration Source Instantiate|Mixed Platforms.Build.0 = Debug Scenario Configuration Source Instantiate|Any CPU
		{CDBDBEA3-5D5B-449C-8127-6C0B77BFB416}.Debug Scenario Configuration Source Instantiate|x86.ActiveCfg = Debug Scenario Configuration Source Instantiate|Any CPU
		{CDBDBEA3-5D5B-449C-8127-6C0B77BFB416}.Debug Scenario Configuration Source Instantiate|x86.Build.0 = Debug Scenario Configuration Source Instantiate|Any CPU
		{CDBDBEA3-5D5B-449C-8127-6C0B77BFB416}.Debug|Any CPU.ActiveCfg = Debug|Any CPU
		{CDBDBEA3-5D5B-449C-8127-6C0B77BFB416}.Debug|Any CPU.Build.0 = Debug|Any CPU
		{CDBDBEA3-5D5B-449C-8127-6C0B77BFB416}.Debug|Mixed Platforms.ActiveCfg = Debug|Any CPU
		{CDBDBEA3-5D5B-449C-8127-6C0B77BFB416}.Debug|Mixed Platforms.Build.0 = Debug|Any CPU
		{CDBDBEA3-5D5B-449C-8127-6C0B77BFB416}.Debug|x86.ActiveCfg = Debug|Any CPU
		{CDBDBEA3-5D5B-449C-8127-6C0B77BFB416}.Release|Any CPU.ActiveCfg = Release|Any CPU
		{CDBDBEA3-5D5B-449C-8127-6C0B77BFB416}.Release|Any CPU.Build.0 = Release|Any CPU
		{CDBDBEA3-5D5B-449C-8127-6C0B77BFB416}.Release|Mixed Platforms.ActiveCfg = Release|Any CPU
		{CDBDBEA3-5D5B-449C-8127-6C0B77BFB416}.Release|Mixed Platforms.Build.0 = Release|Any CPU
		{CDBDBEA3-5D5B-449C-8127-6C0B77BFB416}.Release|x86.ActiveCfg = Release|Any CPU
		{6353F2F1-D936-4F9C-9898-074DC4480D71}.Debug Minimum Content|Any CPU.ActiveCfg = Debug Minimum Content|Any CPU
		{6353F2F1-D936-4F9C-9898-074DC4480D71}.Debug Minimum Content|Any CPU.Build.0 = Debug Minimum Content|Any CPU
		{6353F2F1-D936-4F9C-9898-074DC4480D71}.Debug Minimum Content|Mixed Platforms.ActiveCfg = Debug Minimum Content|Any CPU
		{6353F2F1-D936-4F9C-9898-074DC4480D71}.Debug Minimum Content|Mixed Platforms.Build.0 = Debug Minimum Content|Any CPU
		{6353F2F1-D936-4F9C-9898-074DC4480D71}.Debug Minimum Content|x86.ActiveCfg = Debug Minimum Content|Any CPU
		{6353F2F1-D936-4F9C-9898-074DC4480D71}.Debug Minimum Content|x86.Build.0 = Debug Minimum Content|Any CPU
		{6353F2F1-D936-4F9C-9898-074DC4480D71}.Debug Scenario Configuration Source Instantiate|Any CPU.ActiveCfg = Debug Scenario Configuration Source Instantiate|Any CPU
		{6353F2F1-D936-4F9C-9898-074DC4480D71}.Debug Scenario Configuration Source Instantiate|Any CPU.Build.0 = Debug Scenario Configuration Source Instantiate|Any CPU
		{6353F2F1-D936-4F9C-9898-074DC4480D71}.Debug Scenario Configuration Source Instantiate|Mixed Platforms.ActiveCfg = Debug Scenario Configuration Source Instantiate|Any CPU
		{6353F2F1-D936-4F9C-9898-074DC4480D71}.Debug Scenario Configuration Source Instantiate|Mixed Platforms.Build.0 = Debug Scenario Configuration Source Instantiate|Any CPU
		{6353F2F1-D936-4F9C-9898-074DC4480D71}.Debug Scenario Configuration Source Instantiate|x86.ActiveCfg = Debug Scenario Configuration Source Instantiate|Any CPU
		{6353F2F1-D936-4F9C-9898-074DC4480D71}.Debug Scenario Configuration Source Instantiate|x86.Build.0 = Debug Scenario Configuration Source Instantiate|Any CPU
		{6353F2F1-D936-4F9C-9898-074DC4480D71}.Debug|Any CPU.ActiveCfg = Debug|Any CPU
		{6353F2F1-D936-4F9C-9898-074DC4480D71}.Debug|Any CPU.Build.0 = Debug|Any CPU
		{6353F2F1-D936-4F9C-9898-074DC4480D71}.Debug|Mixed Platforms.ActiveCfg = Debug|Any CPU
		{6353F2F1-D936-4F9C-9898-074DC4480D71}.Debug|Mixed Platforms.Build.0 = Debug|Any CPU
		{6353F2F1-D936-4F9C-9898-074DC4480D71}.Debug|x86.ActiveCfg = Debug|Any CPU
		{6353F2F1-D936-4F9C-9898-074DC4480D71}.Debug|x86.Build.0 = Debug|Any CPU
		{6353F2F1-D936-4F9C-9898-074DC4480D71}.Release|Any CPU.ActiveCfg = Release|Any CPU
		{6353F2F1-D936-4F9C-9898-074DC4480D71}.Release|Any CPU.Build.0 = Release|Any CPU
		{6353F2F1-D936-4F9C-9898-074DC4480D71}.Release|Mixed Platforms.ActiveCfg = Release|Any CPU
		{6353F2F1-D936-4F9C-9898-074DC4480D71}.Release|Mixed Platforms.Build.0 = Release|Any CPU
		{6353F2F1-D936-4F9C-9898-074DC4480D71}.Release|x86.ActiveCfg = Release|Any CPU
		{6696051A-37BB-4F3E-9E0B-62B83F298EE7}.Debug Minimum Content|Any CPU.ActiveCfg = Debug Minimum Content|Any CPU
		{6696051A-37BB-4F3E-9E0B-62B83F298EE7}.Debug Minimum Content|Any CPU.Build.0 = Debug Minimum Content|Any CPU
		{6696051A-37BB-4F3E-9E0B-62B83F298EE7}.Debug Minimum Content|Mixed Platforms.ActiveCfg = Debug Minimum Content|Any CPU
		{6696051A-37BB-4F3E-9E0B-62B83F298EE7}.Debug Minimum Content|Mixed Platforms.Build.0 = Debug Minimum Content|Any CPU
		{6696051A-37BB-4F3E-9E0B-62B83F298EE7}.Debug Minimum Content|x86.ActiveCfg = Debug Minimum Content|Any CPU
		{6696051A-37BB-4F3E-9E0B-62B83F298EE7}.Debug Minimum Content|x86.Build.0 = Debug Minimum Content|Any CPU
		{6696051A-37BB-4F3E-9E0B-62B83F298EE7}.Debug Scenario Configuration Source Instantiate|Any CPU.ActiveCfg = Debug Scenario Configuration Source Instantiate|Any CPU
		{6696051A-37BB-4F3E-9E0B-62B83F298EE7}.Debug Scenario Configuration Source Instantiate|Any CPU.Build.0 = Debug Scenario Configuration Source Instantiate|Any CPU
		{6696051A-37BB-4F3E-9E0B-62B83F298EE7}.Debug Scenario Configuration Source Instantiate|Mixed Platforms.ActiveCfg = Debug Scenario Configuration Source Instantiate|Any CPU
		{6696051A-37BB-4F3E-9E0B-62B83F298EE7}.Debug Scenario Configuration Source Instantiate|Mixed Platforms.Build.0 = Debug Scenario Configuration Source Instantiate|Any CPU
		{6696051A-37BB-4F3E-9E0B-62B83F298EE7}.Debug Scenario Configuration Source Instantiate|x86.ActiveCfg = Debug Scenario Configuration Source Instantiate|Any CPU
		{6696051A-37BB-4F3E-9E0B-62B83F298EE7}.Debug Scenario Configuration Source Instantiate|x86.Build.0 = Debug Scenario Configuration Source Instantiate|Any CPU
		{6696051A-37BB-4F3E-9E0B-62B83F298EE7}.Debug|Any CPU.ActiveCfg = Debug|Any CPU
		{6696051A-37BB-4F3E-9E0B-62B83F298EE7}.Debug|Any CPU.Build.0 = Debug|Any CPU
		{6696051A-37BB-4F3E-9E0B-62B83F298EE7}.Debug|Mixed Platforms.ActiveCfg = Debug|Any CPU
		{6696051A-37BB-4F3E-9E0B-62B83F298EE7}.Debug|Mixed Platforms.Build.0 = Debug|Any CPU
		{6696051A-37BB-4F3E-9E0B-62B83F298EE7}.Debug|x86.ActiveCfg = Debug|Any CPU
		{6696051A-37BB-4F3E-9E0B-62B83F298EE7}.Release|Any CPU.ActiveCfg = Release|Any CPU
		{6696051A-37BB-4F3E-9E0B-62B83F298EE7}.Release|Any CPU.Build.0 = Release|Any CPU
		{6696051A-37BB-4F3E-9E0B-62B83F298EE7}.Release|Mixed Platforms.ActiveCfg = Release|Any CPU
		{6696051A-37BB-4F3E-9E0B-62B83F298EE7}.Release|Mixed Platforms.Build.0 = Release|Any CPU
		{6696051A-37BB-4F3E-9E0B-62B83F298EE7}.Release|x86.ActiveCfg = Release|Any CPU
		{A9E4FAA2-6A2C-4CAA-9E86-17B6DD6C3C86}.Debug Minimum Content|Any CPU.ActiveCfg = Debug Minimum Content|Any CPU
		{A9E4FAA2-6A2C-4CAA-9E86-17B6DD6C3C86}.Debug Minimum Content|Any CPU.Build.0 = Debug Minimum Content|Any CPU
		{A9E4FAA2-6A2C-4CAA-9E86-17B6DD6C3C86}.Debug Minimum Content|Mixed Platforms.ActiveCfg = Debug Minimum Content|Any CPU
		{A9E4FAA2-6A2C-4CAA-9E86-17B6DD6C3C86}.Debug Minimum Content|Mixed Platforms.Build.0 = Debug Minimum Content|Any CPU
		{A9E4FAA2-6A2C-4CAA-9E86-17B6DD6C3C86}.Debug Minimum Content|x86.ActiveCfg = Debug Minimum Content|Any CPU
		{A9E4FAA2-6A2C-4CAA-9E86-17B6DD6C3C86}.Debug Minimum Content|x86.Build.0 = Debug Minimum Content|Any CPU
		{A9E4FAA2-6A2C-4CAA-9E86-17B6DD6C3C86}.Debug Scenario Configuration Source Instantiate|Any CPU.ActiveCfg = Debug Scenario Configuration Source Instantiate|Any CPU
		{A9E4FAA2-6A2C-4CAA-9E86-17B6DD6C3C86}.Debug Scenario Configuration Source Instantiate|Any CPU.Build.0 = Debug Scenario Configuration Source Instantiate|Any CPU
		{A9E4FAA2-6A2C-4CAA-9E86-17B6DD6C3C86}.Debug Scenario Configuration Source Instantiate|Mixed Platforms.ActiveCfg = Debug Scenario Configuration Source Instantiate|Any CPU
		{A9E4FAA2-6A2C-4CAA-9E86-17B6DD6C3C86}.Debug Scenario Configuration Source Instantiate|Mixed Platforms.Build.0 = Debug Scenario Configuration Source Instantiate|Any CPU
		{A9E4FAA2-6A2C-4CAA-9E86-17B6DD6C3C86}.Debug Scenario Configuration Source Instantiate|x86.ActiveCfg = Debug Scenario Configuration Source Instantiate|Any CPU
		{A9E4FAA2-6A2C-4CAA-9E86-17B6DD6C3C86}.Debug Scenario Configuration Source Instantiate|x86.Build.0 = Debug Scenario Configuration Source Instantiate|Any CPU
		{A9E4FAA2-6A2C-4CAA-9E86-17B6DD6C3C86}.Debug|Any CPU.ActiveCfg = Debug|Any CPU
		{A9E4FAA2-6A2C-4CAA-9E86-17B6DD6C3C86}.Debug|Any CPU.Build.0 = Debug|Any CPU
		{A9E4FAA2-6A2C-4CAA-9E86-17B6DD6C3C86}.Debug|Mixed Platforms.ActiveCfg = Debug|Any CPU
		{A9E4FAA2-6A2C-4CAA-9E86-17B6DD6C3C86}.Debug|Mixed Platforms.Build.0 = Debug|Any CPU
		{A9E4FAA2-6A2C-4CAA-9E86-17B6DD6C3C86}.Debug|x86.ActiveCfg = Debug|Any CPU
		{A9E4FAA2-6A2C-4CAA-9E86-17B6DD6C3C86}.Release|Any CPU.ActiveCfg = Release|Any CPU
		{A9E4FAA2-6A2C-4CAA-9E86-17B6DD6C3C86}.Release|Any CPU.Build.0 = Release|Any CPU
		{A9E4FAA2-6A2C-4CAA-9E86-17B6DD6C3C86}.Release|Mixed Platforms.ActiveCfg = Release|Any CPU
		{A9E4FAA2-6A2C-4CAA-9E86-17B6DD6C3C86}.Release|Mixed Platforms.Build.0 = Release|Any CPU
		{A9E4FAA2-6A2C-4CAA-9E86-17B6DD6C3C86}.Release|x86.ActiveCfg = Release|Any CPU
		{3E574589-233F-4B39-B93C-445E6F44A736}.Debug Minimum Content|Any CPU.ActiveCfg = Debug Minimum Content|Any CPU
		{3E574589-233F-4B39-B93C-445E6F44A736}.Debug Minimum Content|Any CPU.Build.0 = Debug Minimum Content|Any CPU
		{3E574589-233F-4B39-B93C-445E6F44A736}.Debug Minimum Content|Mixed Platforms.ActiveCfg = Debug Minimum Content|Any CPU
		{3E574589-233F-4B39-B93C-445E6F44A736}.Debug Minimum Content|Mixed Platforms.Build.0 = Debug Minimum Content|Any CPU
		{3E574589-233F-4B39-B93C-445E6F44A736}.Debug Minimum Content|x86.ActiveCfg = Debug Minimum Content|Any CPU
		{3E574589-233F-4B39-B93C-445E6F44A736}.Debug Minimum Content|x86.Build.0 = Debug Minimum Content|Any CPU
		{3E574589-233F-4B39-B93C-445E6F44A736}.Debug Scenario Configuration Source Instantiate|Any CPU.ActiveCfg = Debug Scenario Configuration Source Instantiate|Any CPU
		{3E574589-233F-4B39-B93C-445E6F44A736}.Debug Scenario Configuration Source Instantiate|Any CPU.Build.0 = Debug Scenario Configuration Source Instantiate|Any CPU
		{3E574589-233F-4B39-B93C-445E6F44A736}.Debug Scenario Configuration Source Instantiate|Mixed Platforms.ActiveCfg = Debug Scenario Configuration Source Instantiate|Any CPU
		{3E574589-233F-4B39-B93C-445E6F44A736}.Debug Scenario Configuration Source Instantiate|Mixed Platforms.Build.0 = Debug Scenario Configuration Source Instantiate|Any CPU
		{3E574589-233F-4B39-B93C-445E6F44A736}.Debug Scenario Configuration Source Instantiate|x86.ActiveCfg = Debug Scenario Configuration Source Instantiate|Any CPU
		{3E574589-233F-4B39-B93C-445E6F44A736}.Debug Scenario Configuration Source Instantiate|x86.Build.0 = Debug Scenario Configuration Source Instantiate|Any CPU
		{3E574589-233F-4B39-B93C-445E6F44A736}.Debug|Any CPU.ActiveCfg = Debug|Any CPU
		{3E574589-233F-4B39-B93C-445E6F44A736}.Debug|Any CPU.Build.0 = Debug|Any CPU
		{3E574589-233F-4B39-B93C-445E6F44A736}.Debug|Mixed Platforms.ActiveCfg = Debug|Any CPU
		{3E574589-233F-4B39-B93C-445E6F44A736}.Debug|Mixed Platforms.Build.0 = Debug|Any CPU
		{3E574589-233F-4B39-B93C-445E6F44A736}.Debug|x86.ActiveCfg = Debug|Any CPU
		{3E574589-233F-4B39-B93C-445E6F44A736}.Debug|x86.Build.0 = Debug|Any CPU
		{3E574589-233F-4B39-B93C-445E6F44A736}.Release|Any CPU.ActiveCfg = Release|Any CPU
		{3E574589-233F-4B39-B93C-445E6F44A736}.Release|Any CPU.Build.0 = Release|Any CPU
		{3E574589-233F-4B39-B93C-445E6F44A736}.Release|Mixed Platforms.ActiveCfg = Release|Any CPU
		{3E574589-233F-4B39-B93C-445E6F44A736}.Release|Mixed Platforms.Build.0 = Release|Any CPU
		{3E574589-233F-4B39-B93C-445E6F44A736}.Release|x86.ActiveCfg = Release|Any CPU
		{3E574589-233F-4B39-B93C-445E6F44A736}.Release|x86.Build.0 = Release|Any CPU
		{59B9DB4D-2667-414C-AF34-81E1ECF8748B}.Debug Minimum Content|Any CPU.ActiveCfg = Debug|Any CPU
		{59B9DB4D-2667-414C-AF34-81E1ECF8748B}.Debug Minimum Content|Any CPU.Build.0 = Debug|Any CPU
		{59B9DB4D-2667-414C-AF34-81E1ECF8748B}.Debug Minimum Content|Mixed Platforms.ActiveCfg = Debug|Any CPU
		{59B9DB4D-2667-414C-AF34-81E1ECF8748B}.Debug Minimum Content|Mixed Platforms.Build.0 = Debug|Any CPU
		{59B9DB4D-2667-414C-AF34-81E1ECF8748B}.Debug Minimum Content|x86.ActiveCfg = Debug|Any CPU
		{59B9DB4D-2667-414C-AF34-81E1ECF8748B}.Debug Minimum Content|x86.Build.0 = Debug|Any CPU
		{59B9DB4D-2667-414C-AF34-81E1ECF8748B}.Debug Scenario Configuration Source Instantiate|Any CPU.ActiveCfg = Debug|Any CPU
		{59B9DB4D-2667-414C-AF34-81E1ECF8748B}.Debug Scenario Configuration Source Instantiate|Any CPU.Build.0 = Debug|Any CPU
		{59B9DB4D-2667-414C-AF34-81E1ECF8748B}.Debug Scenario Configuration Source Instantiate|Mixed Platforms.ActiveCfg = Debug|Any CPU
		{59B9DB4D-2667-414C-AF34-81E1ECF8748B}.Debug Scenario Configuration Source Instantiate|Mixed Platforms.Build.0 = Debug|Any CPU
		{59B9DB4D-2667-414C-AF34-81E1ECF8748B}.Debug Scenario Configuration Source Instantiate|x86.ActiveCfg = Debug|Any CPU
		{59B9DB4D-2667-414C-AF34-81E1ECF8748B}.Debug Scenario Configuration Source Instantiate|x86.Build.0 = Debug|Any CPU
		{59B9DB4D-2667-414C-AF34-81E1ECF8748B}.Debug|Any CPU.ActiveCfg = Debug|Any CPU
		{59B9DB4D-2667-414C-AF34-81E1ECF8748B}.Debug|Any CPU.Build.0 = Debug|Any CPU
		{59B9DB4D-2667-414C-AF34-81E1ECF8748B}.Debug|Mixed Platforms.ActiveCfg = Debug|Any CPU
		{59B9DB4D-2667-414C-AF34-81E1ECF8748B}.Debug|Mixed Platforms.Build.0 = Debug|Any CPU
		{59B9DB4D-2667-414C-AF34-81E1ECF8748B}.Debug|x86.ActiveCfg = Debug|Any CPU
		{59B9DB4D-2667-414C-AF34-81E1ECF8748B}.Debug|x86.Build.0 = Debug|Any CPU
		{59B9DB4D-2667-414C-AF34-81E1ECF8748B}.Release|Any CPU.ActiveCfg = Release|Any CPU
		{59B9DB4D-2667-414C-AF34-81E1ECF8748B}.Release|Any CPU.Build.0 = Release|Any CPU
		{59B9DB4D-2667-414C-AF34-81E1ECF8748B}.Release|Mixed Platforms.ActiveCfg = Release|Any CPU
		{59B9DB4D-2667-414C-AF34-81E1ECF8748B}.Release|Mixed Platforms.Build.0 = Release|Any CPU
		{59B9DB4D-2667-414C-AF34-81E1ECF8748B}.Release|x86.ActiveCfg = Release|Any CPU
		{59B9DB4D-2667-414C-AF34-81E1ECF8748B}.Release|x86.Build.0 = Release|Any CPU
	EndGlobalSection
	GlobalSection(SolutionProperties) = preSolution
		HideSolutionNode = FALSE
	EndGlobalSection
	GlobalSection(ExtensibilityGlobals) = postSolution
		EnterpriseLibraryConfigurationToolBinariesPath = packages\Unity.2.1.505.0\lib\NET35
		SolutionGuid = {9AAB88A4-A649-4401-988C-B3E0EA12D13D}
	EndGlobalSection
	GlobalSection(SubversionScc) = preSolution
		Svn-Managed = True
		Manager = AnkhSVN - Subversion Support for Visual Studio
	EndGlobalSection
EndGlobal
